
Microsoft Visual Studio Solution File, Format Version 12.00
# Visual Studio Version 16
VisualStudioVersion = 16.0.30320.27
MinimumVisualStudioVersion = 10.0.40219.1
Project("{9A19103F-16F7-4668-BE54-9A1E7A4F7556}") = "Codemasters.Telemetry.F12019", "Codemasters.Telemetry.F12019\Codemasters.Telemetry.F12019.csproj", "{37E27E55-E60B-4D06-8413-F1CC2AA4ED39}"
EndProject
Project("{FAE04EC0-301F-11D3-BF4B-00C04F79EFBC}") = "Codemasters.Telemetry.Udp", "Codemasters.Telemetry.Udp\Codemasters.Telemetry.Udp.csproj", "{E47491A1-B931-4466-B161-1AF8FD4A3EAC}"
EndProject
Project("{FAE04EC0-301F-11D3-BF4B-00C04F79EFBC}") = "Codemasters.Telemetry.Core", "Codemasters.Telemetry.Core\Codemasters.Telemetry.Core.csproj", "{7E49AA06-D9BD-446C-9386-4EB050BFE414}"
EndProject
Global
	GlobalSection(SolutionConfigurationPlatforms) = preSolution
		Debug|Any CPU = Debug|Any CPU
		Release|Any CPU = Release|Any CPU
	EndGlobalSection
	GlobalSection(ProjectConfigurationPlatforms) = postSolution
		{37E27E55-E60B-4D06-8413-F1CC2AA4ED39}.Debug|Any CPU.ActiveCfg = Debug|Any CPU
		{37E27E55-E60B-4D06-8413-F1CC2AA4ED39}.Debug|Any CPU.Build.0 = Debug|Any CPU
		{37E27E55-E60B-4D06-8413-F1CC2AA4ED39}.Release|Any CPU.ActiveCfg = Release|Any CPU
		{37E27E55-E60B-4D06-8413-F1CC2AA4ED39}.Release|Any CPU.Build.0 = Release|Any CPU
		{E47491A1-B931-4466-B161-1AF8FD4A3EAC}.Debug|Any CPU.ActiveCfg = Debug|Any CPU
		{E47491A1-B931-4466-B161-1AF8FD4A3EAC}.Debug|Any CPU.Build.0 = Debug|Any CPU
		{E47491A1-B931-4466-B161-1AF8FD4A3EAC}.Release|Any CPU.ActiveCfg = Release|Any CPU
		{E47491A1-B931-4466-B161-1AF8FD4A3EAC}.Release|Any CPU.Build.0 = Release|Any CPU
		{7E49AA06-D9BD-446C-9386-4EB050BFE414}.Debug|Any CPU.ActiveCfg = Debug|Any CPU
		{7E49AA06-D9BD-446C-9386-4EB050BFE414}.Debug|Any CPU.Build.0 = Debug|Any CPU
		{7E49AA06-D9BD-446C-9386-4EB050BFE414}.Release|Any CPU.ActiveCfg = Release|Any CPU
		{7E49AA06-D9BD-446C-9386-4EB050BFE414}.Release|Any CPU.Build.0 = Release|Any CPU
	EndGlobalSection
	GlobalSection(SolutionProperties) = preSolution
		HideSolutionNode = FALSE
	EndGlobalSection
	GlobalSection(ExtensibilityGlobals) = postSolution
		SolutionGuid = {910DE93E-A1B4-4F4C-A314-B9C47211D6A5}
	EndGlobalSection
EndGlobal
